
Microsoft Visual Studio Solution File, Format Version 12.00
# Visual Studio Version 17
VisualStudioVersion = 17.5.33103.201
MinimumVisualStudioVersion = 10.0.40219.1
Project("{9A19103F-16F7-4668-BE54-9A1E7A4F7556}") = "Corelibs.Cognito.Tests", "Corelibs.Cognito.Tests\Corelibs.Cognito.Tests.csproj", "{D00AB2E4-E18C-4427-9EF3-2B4F70201ED1}"
EndProject
Project("{9A19103F-16F7-4668-BE54-9A1E7A4F7556}") = "Corelibs.Cognito", "Corelibs.Cognito\Corelibs.Cognito.csproj", "{FFF6AD8B-44B4-462D-9ED4-8FEC1A62E067}"
EndProject
Project("{9A19103F-16F7-4668-BE54-9A1E7A4F7556}") = "Corelibs.Basic", "..\..\Corelibs.Basic\Corelibs.Basic\Corelibs.Basic\Corelibs.Basic.csproj", "{0B61597A-25E9-46CD-8DE2-9ED7FFE4E1EE}"
EndProject
Global
	GlobalSection(SolutionConfigurationPlatforms) = preSolution
		Debug|Any CPU = Debug|Any CPU
		Debug|x64 = Debug|x64
		Release|Any CPU = Release|Any CPU
		Release|x64 = Release|x64
	EndGlobalSection
	GlobalSection(ProjectConfigurationPlatforms) = postSolution
		{D00AB2E4-E18C-4427-9EF3-2B4F70201ED1}.Debug|Any CPU.ActiveCfg = Debug|Any CPU
		{D00AB2E4-E18C-4427-9EF3-2B4F70201ED1}.Debug|Any CPU.Build.0 = Debug|Any CPU
		{D00AB2E4-E18C-4427-9EF3-2B4F70201ED1}.Debug|x64.ActiveCfg = Debug|Any CPU
		{D00AB2E4-E18C-4427-9EF3-2B4F70201ED1}.Debug|x64.Build.0 = Debug|Any CPU
		{D00AB2E4-E18C-4427-9EF3-2B4F70201ED1}.Release|Any CPU.ActiveCfg = Release|Any CPU
		{D00AB2E4-E18C-4427-9EF3-2B4F70201ED1}.Release|Any CPU.Build.0 = Release|Any CPU
		{D00AB2E4-E18C-4427-9EF3-2B4F70201ED1}.Release|x64.ActiveCfg = Release|Any CPU
		{D00AB2E4-E18C-4427-9EF3-2B4F70201ED1}.Release|x64.Build.0 = Release|Any CPU
		{FFF6AD8B-44B4-462D-9ED4-8FEC1A62E067}.Debug|Any CPU.ActiveCfg = Debug|Any CPU
		{FFF6AD8B-44B4-462D-9ED4-8FEC1A62E067}.Debug|Any CPU.Build.0 = Debug|Any CPU
		{FFF6AD8B-44B4-462D-9ED4-8FEC1A62E067}.Debug|x64.ActiveCfg = Debug|Any CPU
		{FFF6AD8B-44B4-462D-9ED4-8FEC1A62E067}.Debug|x64.Build.0 = Debug|Any CPU
		{FFF6AD8B-44B4-462D-9ED4-8FEC1A62E067}.Release|Any CPU.ActiveCfg = Release|Any CPU
		{FFF6AD8B-44B4-462D-9ED4-8FEC1A62E067}.Release|Any CPU.Build.0 = Release|Any CPU
		{FFF6AD8B-44B4-462D-9ED4-8FEC1A62E067}.Release|x64.ActiveCfg = Release|Any CPU
		{FFF6AD8B-44B4-462D-9ED4-8FEC1A62E067}.Release|x64.Build.0 = Release|Any CPU
		{0B61597A-25E9-46CD-8DE2-9ED7FFE4E1EE}.Debug|Any CPU.ActiveCfg = Debug|Any CPU
		{0B61597A-25E9-46CD-8DE2-9ED7FFE4E1EE}.Debug|Any CPU.Build.0 = Debug|Any CPU
		{0B61597A-25E9-46CD-8DE2-9ED7FFE4E1EE}.Debug|x64.ActiveCfg = Debug|x64
		{0B61597A-25E9-46CD-8DE2-9ED7FFE4E1EE}.Debug|x64.Build.0 = Debug|x64
		{0B61597A-25E9-46CD-8DE2-9ED7FFE4E1EE}.Release|Any CPU.ActiveCfg = Release|Any CPU
		{0B61597A-25E9-46CD-8DE2-9ED7FFE4E1EE}.Release|Any CPU.Build.0 = Release|Any CPU
		{0B61597A-25E9-46CD-8DE2-9ED7FFE4E1EE}.Release|x64.ActiveCfg = Release|x64
		{0B61597A-25E9-46CD-8DE2-9ED7FFE4E1EE}.Release|x64.Build.0 = Release|x64
	EndGlobalSection
	GlobalSection(SolutionProperties) = preSolution
		HideSolutionNode = FALSE
	EndGlobalSection
	GlobalSection(ExtensibilityGlobals) = postSolution
		SolutionGuid = {6E85089E-B866-4B40-8DC8-F544EC04951B}
	EndGlobalSection
EndGlobal
